
Microsoft Visual Studio Solution File, Format Version 12.00
# Visual Studio Version 17
VisualStudioVersion = 17.11.35431.28
MinimumVisualStudioVersion = 10.0.40219.1
Project("{8BC9CEB8-8B4A-11D0-8D11-00A0C91BC942}") = "ClientMC", "ClientMC\ClientMC.vcxproj", "{8C75CFA4-CD2D-4D34-AEFD-3F8329E0DE94}"
EndProject
Global
	GlobalSection(SolutionConfigurationPlatforms) = preSolution
		Debug|x64 = Debug|x64
		Release|x64 = Release|x64
	EndGlobalSection
	GlobalSection(ProjectConfigurationPlatforms) = postSolution
		{8C75CFA4-CD2D-4D34-AEFD-3F8329E0DE94}.Debug|x64.ActiveCfg = Debug|x64
		{8C75CFA4-CD2D-4D34-AEFD-3F8329E0DE94}.Debug|x64.Build.0 = Debug|x64
		{8C75CFA4-CD2D-4D34-AEFD-3F8329E0DE94}.Release|x64.ActiveCfg = Release|x64
		{8C75CFA4-CD2D-4D34-AEFD-3F8329E0DE94}.Release|x64.Build.0 = Release|x64
	EndGlobalSection
	GlobalSection(SolutionProperties) = preSolution
		HideSolutionNode = FALSE
	EndGlobalSection
	GlobalSection(ExtensibilityGlobals) = postSolution
		SolutionGuid = {DAF19B6A-B563-418F-BBAE-E6CD61D66F42}
	EndGlobalSection
EndGlobal
